
Microsoft Visual Studio Solution File, Format Version 12.00
# Visual Studio Version 16
VisualStudioVersion = 16.0.31624.102
MinimumVisualStudioVersion = 10.0.40219.1
Project("{FAE04EC0-301F-11D3-BF4B-00C04F79EFBC}") = "Exercises", "Exercises\Exercises.csproj", "{25DABE9D-E845-4A10-B951-62152964C6B8}"
EndProject
Project("{FAE04EC0-301F-11D3-BF4B-00C04F79EFBC}") = "ClassLibrary1", "ClassLibrary1\ClassLibrary1.csproj", "{A4780D28-A0A1-4A81-A4F4-CA5A00E3D8FC}"
EndProject
Global
	GlobalSection(SolutionConfigurationPlatforms) = preSolution
		Debug|Any CPU = Debug|Any CPU
		Release|Any CPU = Release|Any CPU
	EndGlobalSection
	GlobalSection(ProjectConfigurationPlatforms) = postSolution
		{25DABE9D-E845-4A10-B951-62152964C6B8}.Debug|Any CPU.ActiveCfg = Debug|Any CPU
		{25DABE9D-E845-4A10-B951-62152964C6B8}.Debug|Any CPU.Build.0 = Debug|Any CPU
		{25DABE9D-E845-4A10-B951-62152964C6B8}.Release|Any CPU.ActiveCfg = Release|Any CPU
		{25DABE9D-E845-4A10-B951-62152964C6B8}.Release|Any CPU.Build.0 = Release|Any CPU
		{A4780D28-A0A1-4A81-A4F4-CA5A00E3D8FC}.Debug|Any CPU.ActiveCfg = Debug|Any CPU
		{A4780D28-A0A1-4A81-A4F4-CA5A00E3D8FC}.Debug|Any CPU.Build.0 = Debug|Any CPU
		{A4780D28-A0A1-4A81-A4F4-CA5A00E3D8FC}.Release|Any CPU.ActiveCfg = Release|Any CPU
		{A4780D28-A0A1-4A81-A4F4-CA5A00E3D8FC}.Release|Any CPU.Build.0 = Release|Any CPU
	EndGlobalSection
	GlobalSection(SolutionProperties) = preSolution
		HideSolutionNode = FALSE
	EndGlobalSection
	GlobalSection(ExtensibilityGlobals) = postSolution
		SolutionGuid = {5EF245D6-D7B4-41FB-8D6E-71BEC347352F}
	EndGlobalSection
EndGlobal
